
Microsoft Visual Studio Solution File, Format Version 12.00
# Visual Studio Version 16
VisualStudioVersion = 16.0.30011.22
MinimumVisualStudioVersion = 10.0.40219.1
Project("{8BC9CEB8-8B4A-11D0-8D11-00A0C91BC942}") = "SudokuGUI", "SudokuGUI\SudokuGUI.vcxproj", "{DBD060D2-327B-4DB7-81C0-3C320EFFB218}"
EndProject
Project("{8BC9CEB8-8B4A-11D0-8D11-00A0C91BC942}") = "Sudoku", "Sudoku\Sudoku.vcxproj", "{79045643-5C05-4DA1-AE63-0414F703E417}"
EndProject
Global
	GlobalSection(SolutionConfigurationPlatforms) = preSolution
		Debug|x64 = Debug|x64
		Debug|x86 = Debug|x86
		Release|x64 = Release|x64
		Release|x86 = Release|x86
	EndGlobalSection
	GlobalSection(ProjectConfigurationPlatforms) = postSolution
		{DBD060D2-327B-4DB7-81C0-3C320EFFB218}.Debug|x64.ActiveCfg = Debug|x64
		{DBD060D2-327B-4DB7-81C0-3C320EFFB218}.Debug|x64.Build.0 = Debug|x64
		{DBD060D2-327B-4DB7-81C0-3C320EFFB218}.Debug|x86.ActiveCfg = Debug|Win32
		{DBD060D2-327B-4DB7-81C0-3C320EFFB218}.Debug|x86.Build.0 = Debug|Win32
		{DBD060D2-327B-4DB7-81C0-3C320EFFB218}.Release|x64.ActiveCfg = Release|x64
		{DBD060D2-327B-4DB7-81C0-3C320EFFB218}.Release|x64.Build.0 = Release|x64
		{DBD060D2-327B-4DB7-81C0-3C320EFFB218}.Release|x86.ActiveCfg = Release|Win32
		{DBD060D2-327B-4DB7-81C0-3C320EFFB218}.Release|x86.Build.0 = Release|Win32
		{79045643-5C05-4DA1-AE63-0414F703E417}.Debug|x64.ActiveCfg = Debug|x64
		{79045643-5C05-4DA1-AE63-0414F703E417}.Debug|x64.Build.0 = Debug|x64
		{79045643-5C05-4DA1-AE63-0414F703E417}.Debug|x86.ActiveCfg = Debug|Win32
		{79045643-5C05-4DA1-AE63-0414F703E417}.Debug|x86.Build.0 = Debug|Win32
		{79045643-5C05-4DA1-AE63-0414F703E417}.Release|x64.ActiveCfg = Release|x64
		{79045643-5C05-4DA1-AE63-0414F703E417}.Release|x64.Build.0 = Release|x64
		{79045643-5C05-4DA1-AE63-0414F703E417}.Release|x86.ActiveCfg = Release|Win32
		{79045643-5C05-4DA1-AE63-0414F703E417}.Release|x86.Build.0 = Release|Win32
	EndGlobalSection
	GlobalSection(SolutionProperties) = preSolution
		HideSolutionNode = FALSE
	EndGlobalSection
	GlobalSection(ExtensibilityGlobals) = postSolution
		SolutionGuid = {458D39EE-16F5-4399-9FBE-740281F75029}
	EndGlobalSection
EndGlobal
